github.com/cassianoperin/6502_GO_Core v1.0.1 h1:FyLpoO7BxhC8MrXSjoSu/E8N0+V3dyEMqFxjlnN60yo=
github.com/cassianoperin/6502_GO_Core v1.0.1/go.mod h1:PBK8Az75Q8E3/c2ZfsRaXRX0WdEORZlq/waXccgi1S0=
github.com/cassianoperin/pseudo-terminal-go/terminal v0.0.0-20210804040837-d0810e396b4f h1:xS1YjKj/r5VCsm30jxJjmjjt2mXjkvqp8SFSR2rV62M=
github.com/cassianoperin/pseudo-terminal-go/terminal v0.0.0-20210804040837-d0810e396b4f/go.mod h1:E1c7KvR91fO+IUMUOffmKALICmP2rEeKBzcd1J/5OYk=
